{
  "name": "minimal-mistakes",
  "version": "4.4.1",
  "lockfileVersion": 1,
  "requires": true,
  "dependencies": {
    "susy": {
      "version": "3.0.5",
      "resolved": "https://registry.npmjs.org/susy/-/susy-3.0.5.tgz",
      "integrity": "sha512-Adc67mYO0n7eKn0lnyVOMN9lqA3JrHE/NAMfOQQnm2g8yvcZpmcrNfiHjfQXVodXdZE1PyluPnUjPhezaKGztA=="
    }
  }
}
